
Microsoft Visual Studio Solution File, Format Version 12.00
# Visual Studio Version 17
VisualStudioVersion = 17.4.33205.214
MinimumVisualStudioVersion = 10.0.40219.1
Project("{2150E333-8FDC-42A3-9474-1A3956D46DE8}") = "Inicial", "Inicial", "{6E91B590-884B-4F53-9B7A-5BAA41DAA743}"
EndProject
Project("{2150E333-8FDC-42A3-9474-1A3956D46DE8}") = "src", "src", "{12744E7A-7D33-48C5-AAF8-703315BFE830}"
EndProject
Project("{2150E333-8FDC-42A3-9474-1A3956D46DE8}") = "test", "test", "{0FCBA871-A51E-44D9-9065-3B2784243FAE}"
EndProject
Project("{9A19103F-16F7-4668-BE54-9A1E7A4F7556}") = "Inicial", "Inicial\src\Inicial\Inicial.csproj", "{06423B81-A8CA-49F2-B965-20FE11727A92}"
EndProject
Project("{9A19103F-16F7-4668-BE54-9A1E7A4F7556}") = "TestInicial", "Inicial\test\TestInicial\TestInicial.csproj", "{34A7A222-0F6C-49B7-890F-6190AB2A4C6D}"
EndProject
Project("{9A19103F-16F7-4668-BE54-9A1E7A4F7556}") = "API.Inicial", "Inicial\src\API.Inicial\API.Inicial.csproj", "{51406C52-9F14-4A87-B0D0-2C9BA0BD374D}"
EndProject
Project("{2150E333-8FDC-42A3-9474-1A3956D46DE8}") = "ProjetoInicial", "ProjetoInicial", "{DE1B2C23-B9CD-4C50-A0EC-2A598ED2E4B3}"
EndProject
Project("{2150E333-8FDC-42A3-9474-1A3956D46DE8}") = "src", "src", "{07C1041E-D722-47F3-81A2-76DA0ED742A5}"
EndProject
Project("{9A19103F-16F7-4668-BE54-9A1E7A4F7556}") = "Application", "Projeto\src\Application\Application.csproj", "{BFE8EC0C-3CB9-4A62-8BD1-FE13C3C12883}"
EndProject
Project("{9A19103F-16F7-4668-BE54-9A1E7A4F7556}") = "Domain", "Projeto\src\Domain\Domain.csproj", "{00D15FAA-8483-4888-A232-4C5AB67B5645}"
EndProject
Project("{9A19103F-16F7-4668-BE54-9A1E7A4F7556}") = "Infra", "Projeto\src\Infra\Infra.csproj", "{AD01C5E9-83F1-456F-A720-56DCF2F30EE4}"
EndProject
Project("{9A19103F-16F7-4668-BE54-9A1E7A4F7556}") = "WebAPI", "Projeto\src\WebAPI\WebAPI.csproj", "{2DA55747-81CE-4188-9FF1-454DFBDE03FE}"
EndProject
Project("{2150E333-8FDC-42A3-9474-1A3956D46DE8}") = "test", "test", "{22E23761-89B5-4D44-BD66-E19D2BF4D028}"
EndProject
Project("{9A19103F-16F7-4668-BE54-9A1E7A4F7556}") = "Unit", "Projeto\test\Unit\Unit.csproj", "{6B607B1B-9394-4EA8-97EC-5189BD56F933}"
EndProject
Project("{9A19103F-16F7-4668-BE54-9A1E7A4F7556}") = "Integration", "Projeto\test\Integration\Integration.csproj", "{16DD7835-F7B2-4BF6-8CAC-AEE3F12D63AA}"
EndProject
Project("{2150E333-8FDC-42A3-9474-1A3956D46DE8}") = "Checkout", "Checkout", "{9CF6F453-A348-49E9-9D34-4423A884202D}"
EndProject
Project("{2150E333-8FDC-42A3-9474-1A3956D46DE8}") = "src", "src", "{F315975B-49BD-45CD-B113-F95F12D4A8EF}"
EndProject
Project("{2150E333-8FDC-42A3-9474-1A3956D46DE8}") = "test", "test", "{6ADCF875-306D-4222-A5D6-E2385C55D18C}"
EndProject
Project("{9A19103F-16F7-4668-BE54-9A1E7A4F7556}") = "WebAPI", "Checkout\src\WebAPI\WebAPI.csproj", "{0065068E-BDDF-4EFC-8734-162B1189717E}"
EndProject
Project("{9A19103F-16F7-4668-BE54-9A1E7A4F7556}") = "Application", "Checkout\src\Application\Application.csproj", "{C4A2FE75-DB3B-4D47-AD0E-D537B1021D62}"
EndProject
Project("{9A19103F-16F7-4668-BE54-9A1E7A4F7556}") = "Domain", "Checkout\src\Domain\Domain.csproj", "{10CDCC1D-A0BC-40FD-8611-BCFF06FA5BB7}"
EndProject
Project("{9A19103F-16F7-4668-BE54-9A1E7A4F7556}") = "Infra", "Checkout\src\Infra\Infra.csproj", "{B640AD09-0D7D-419B-9853-391772C79DA0}"
EndProject
Project("{9A19103F-16F7-4668-BE54-9A1E7A4F7556}") = "Unit", "Checkout\test\Unit\Unit.csproj", "{24798DA5-91FA-45B9-850B-5B0FF260F4BD}"
EndProject
Project("{9A19103F-16F7-4668-BE54-9A1E7A4F7556}") = "Integration", "Checkout\test\Integration\Integration.csproj", "{9F752814-208E-4F22-AF39-C00905F67379}"
EndProject
Project("{2150E333-8FDC-42A3-9474-1A3956D46DE8}") = "Freight", "Freight", "{75EE0AEA-95D5-495A-9272-9EC55FF06D74}"
EndProject
Project("{2150E333-8FDC-42A3-9474-1A3956D46DE8}") = "src", "src", "{1D472C65-4B29-492B-9BDD-15118EE959AE}"
EndProject
Project("{2150E333-8FDC-42A3-9474-1A3956D46DE8}") = "test", "test", "{0948A49D-9A22-45BD-91A4-9A01DFAF45C6}"
EndProject
Project("{9A19103F-16F7-4668-BE54-9A1E7A4F7556}") = "Unit", "Freight\test\Unit\Unit.csproj", "{483DE181-9EB9-45A7-8A7E-2292CCB53D18}"
EndProject
Project("{9A19103F-16F7-4668-BE54-9A1E7A4F7556}") = "Application", "Freight\src\Application\Application.csproj", "{108AC982-A6BB-4544-A323-BE9228B2D071}"
EndProject
Project("{9A19103F-16F7-4668-BE54-9A1E7A4F7556}") = "Domain", "Freight\src\Domain\Domain.csproj", "{B6EA6375-6189-47AE-8914-71C935AF368E}"
EndProject
Project("{9A19103F-16F7-4668-BE54-9A1E7A4F7556}") = "Infra", "Freight\src\Infra\Infra.csproj", "{BAD2AD09-0B00-402E-9192-B34FCB8B0317}"
EndProject
Project("{9A19103F-16F7-4668-BE54-9A1E7A4F7556}") = "Integration", "Freight\test\Integration\Integration.csproj", "{74498D9F-F799-478D-B869-A766C054D065}"
EndProject
Project("{9A19103F-16F7-4668-BE54-9A1E7A4F7556}") = "WebAPI", "Freight\src\WebAPI\WebAPI.csproj", "{CE298E68-C5ED-4614-8749-BFD816EC1539}"
EndProject
Project("{2150E333-8FDC-42A3-9474-1A3956D46DE8}") = "Stock", "Stock", "{DE45FE91-BD18-4E13-99CC-CFCC596668D6}"
EndProject
Project("{FAE04EC0-301F-11D3-BF4B-00C04F79EFBC}") = "Application", "Stock\src\Application\Application.csproj", "{F6213B84-B988-4F80-A67F-20B08D373596}"
EndProject
Project("{FAE04EC0-301F-11D3-BF4B-00C04F79EFBC}") = "Domain", "Stock\src\Domain\Domain.csproj", "{43CCFFE8-A1B4-4F08-9124-0046EC258346}"
EndProject
Project("{FAE04EC0-301F-11D3-BF4B-00C04F79EFBC}") = "Infra", "Stock\src\Infra\Infra.csproj", "{3D7870A3-5318-443B-A7C3-DFC6D32C58D5}"
EndProject
Project("{FAE04EC0-301F-11D3-BF4B-00C04F79EFBC}") = "WebAPI", "Stock\src\WebAPI\WebAPI.csproj", "{AE70F3CE-5B15-4E26-B129-A63E8CA0D9FA}"
EndProject
Project("{2150E333-8FDC-42A3-9474-1A3956D46DE8}") = "src", "src", "{E13D927D-D0C5-4555-9A7A-8088B19E649E}"
EndProject
Project("{2150E333-8FDC-42A3-9474-1A3956D46DE8}") = "test", "test", "{16FFE3EF-2F23-470E-933C-14F4AC4741DA}"
EndProject
Project("{FAE04EC0-301F-11D3-BF4B-00C04F79EFBC}") = "Unit", "Stock\test\Unit\Unit.csproj", "{FDE07A14-A25A-4069-8954-D93F7AABE696}"
EndProject
Project("{FAE04EC0-301F-11D3-BF4B-00C04F79EFBC}") = "Integration", "Stock\test\Integration\Integration.csproj", "{7C7204D2-0D2B-47A8-A1F1-F69C8CD6FE3F}"
EndProject
Global
	GlobalSection(SolutionConfigurationPlatforms) = preSolution
		Debug|Any CPU = Debug|Any CPU
		Release|Any CPU = Release|Any CPU
	EndGlobalSection
	GlobalSection(ProjectConfigurationPlatforms) = postSolution
		{06423B81-A8CA-49F2-B965-20FE11727A92}.Debug|Any CPU.ActiveCfg = Debug|Any CPU
		{06423B81-A8CA-49F2-B965-20FE11727A92}.Debug|Any CPU.Build.0 = Debug|Any CPU
		{06423B81-A8CA-49F2-B965-20FE11727A92}.Release|Any CPU.ActiveCfg = Release|Any CPU
		{06423B81-A8CA-49F2-B965-20FE11727A92}.Release|Any CPU.Build.0 = Release|Any CPU
		{34A7A222-0F6C-49B7-890F-6190AB2A4C6D}.Debug|Any CPU.ActiveCfg = Debug|Any CPU
		{34A7A222-0F6C-49B7-890F-6190AB2A4C6D}.Debug|Any CPU.Build.0 = Debug|Any CPU
		{34A7A222-0F6C-49B7-890F-6190AB2A4C6D}.Release|Any CPU.ActiveCfg = Release|Any CPU
		{34A7A222-0F6C-49B7-890F-6190AB2A4C6D}.Release|Any CPU.Build.0 = Release|Any CPU
		{51406C52-9F14-4A87-B0D0-2C9BA0BD374D}.Debug|Any CPU.ActiveCfg = Debug|Any CPU
		{51406C52-9F14-4A87-B0D0-2C9BA0BD374D}.Debug|Any CPU.Build.0 = Debug|Any CPU
		{51406C52-9F14-4A87-B0D0-2C9BA0BD374D}.Release|Any CPU.ActiveCfg = Release|Any CPU
		{51406C52-9F14-4A87-B0D0-2C9BA0BD374D}.Release|Any CPU.Build.0 = Release|Any CPU
		{BFE8EC0C-3CB9-4A62-8BD1-FE13C3C12883}.Debug|Any CPU.ActiveCfg = Debug|Any CPU
		{BFE8EC0C-3CB9-4A62-8BD1-FE13C3C12883}.Debug|Any CPU.Build.0 = Debug|Any CPU
		{BFE8EC0C-3CB9-4A62-8BD1-FE13C3C12883}.Release|Any CPU.ActiveCfg = Release|Any CPU
		{BFE8EC0C-3CB9-4A62-8BD1-FE13C3C12883}.Release|Any CPU.Build.0 = Release|Any CPU
		{00D15FAA-8483-4888-A232-4C5AB67B5645}.Debug|Any CPU.ActiveCfg = Debug|Any CPU
		{00D15FAA-8483-4888-A232-4C5AB67B5645}.Debug|Any CPU.Build.0 = Debug|Any CPU
		{00D15FAA-8483-4888-A232-4C5AB67B5645}.Release|Any CPU.ActiveCfg = Release|Any CPU
		{00D15FAA-8483-4888-A232-4C5AB67B5645}.Release|Any CPU.Build.0 = Release|Any CPU
		{AD01C5E9-83F1-456F-A720-56DCF2F30EE4}.Debug|Any CPU.ActiveCfg = Debug|Any CPU
		{AD01C5E9-83F1-456F-A720-56DCF2F30EE4}.Debug|Any CPU.Build.0 = Debug|Any CPU
		{AD01C5E9-83F1-456F-A720-56DCF2F30EE4}.Release|Any CPU.ActiveCfg = Release|Any CPU
		{AD01C5E9-83F1-456F-A720-56DCF2F30EE4}.Release|Any CPU.Build.0 = Release|Any CPU
		{2DA55747-81CE-4188-9FF1-454DFBDE03FE}.Debug|Any CPU.ActiveCfg = Debug|Any CPU
		{2DA55747-81CE-4188-9FF1-454DFBDE03FE}.Debug|Any CPU.Build.0 = Debug|Any CPU
		{2DA55747-81CE-4188-9FF1-454DFBDE03FE}.Release|Any CPU.ActiveCfg = Release|Any CPU
		{2DA55747-81CE-4188-9FF1-454DFBDE03FE}.Release|Any CPU.Build.0 = Release|Any CPU
		{6B607B1B-9394-4EA8-97EC-5189BD56F933}.Debug|Any CPU.ActiveCfg = Debug|Any CPU
		{6B607B1B-9394-4EA8-97EC-5189BD56F933}.Debug|Any CPU.Build.0 = Debug|Any CPU
		{6B607B1B-9394-4EA8-97EC-5189BD56F933}.Release|Any CPU.ActiveCfg = Release|Any CPU
		{6B607B1B-9394-4EA8-97EC-5189BD56F933}.Release|Any CPU.Build.0 = Release|Any CPU
		{16DD7835-F7B2-4BF6-8CAC-AEE3F12D63AA}.Debug|Any CPU.ActiveCfg = Debug|Any CPU
		{16DD7835-F7B2-4BF6-8CAC-AEE3F12D63AA}.Debug|Any CPU.Build.0 = Debug|Any CPU
		{16DD7835-F7B2-4BF6-8CAC-AEE3F12D63AA}.Release|Any CPU.ActiveCfg = Release|Any CPU
		{16DD7835-F7B2-4BF6-8CAC-AEE3F12D63AA}.Release|Any CPU.Build.0 = Release|Any CPU
		{0065068E-BDDF-4EFC-8734-162B1189717E}.Debug|Any CPU.ActiveCfg = Debug|Any CPU
		{0065068E-BDDF-4EFC-8734-162B1189717E}.Debug|Any CPU.Build.0 = Debug|Any CPU
		{0065068E-BDDF-4EFC-8734-162B1189717E}.Release|Any CPU.ActiveCfg = Release|Any CPU
		{0065068E-BDDF-4EFC-8734-162B1189717E}.Release|Any CPU.Build.0 = Release|Any CPU
		{C4A2FE75-DB3B-4D47-AD0E-D537B1021D62}.Debug|Any CPU.ActiveCfg = Debug|Any CPU
		{C4A2FE75-DB3B-4D47-AD0E-D537B1021D62}.Debug|Any CPU.Build.0 = Debug|Any CPU
		{C4A2FE75-DB3B-4D47-AD0E-D537B1021D62}.Release|Any CPU.ActiveCfg = Release|Any CPU
		{C4A2FE75-DB3B-4D47-AD0E-D537B1021D62}.Release|Any CPU.Build.0 = Release|Any CPU
		{10CDCC1D-A0BC-40FD-8611-BCFF06FA5BB7}.Debug|Any CPU.ActiveCfg = Debug|Any CPU
		{10CDCC1D-A0BC-40FD-8611-BCFF06FA5BB7}.Debug|Any CPU.Build.0 = Debug|Any CPU
		{10CDCC1D-A0BC-40FD-8611-BCFF06FA5BB7}.Release|Any CPU.ActiveCfg = Release|Any CPU
		{10CDCC1D-A0BC-40FD-8611-BCFF06FA5BB7}.Release|Any CPU.Build.0 = Release|Any CPU
		{B640AD09-0D7D-419B-9853-391772C79DA0}.Debug|Any CPU.ActiveCfg = Debug|Any CPU
		{B640AD09-0D7D-419B-9853-391772C79DA0}.Debug|Any CPU.Build.0 = Debug|Any CPU
		{B640AD09-0D7D-419B-9853-391772C79DA0}.Release|Any CPU.ActiveCfg = Release|Any CPU
		{B640AD09-0D7D-419B-9853-391772C79DA0}.Release|Any CPU.Build.0 = Release|Any CPU
		{24798DA5-91FA-45B9-850B-5B0FF260F4BD}.Debug|Any CPU.ActiveCfg = Debug|Any CPU
		{24798DA5-91FA-45B9-850B-5B0FF260F4BD}.Debug|Any CPU.Build.0 = Debug|Any CPU
		{24798DA5-91FA-45B9-850B-5B0FF260F4BD}.Release|Any CPU.ActiveCfg = Release|Any CPU
		{24798DA5-91FA-45B9-850B-5B0FF260F4BD}.Release|Any CPU.Build.0 = Release|Any CPU
		{9F752814-208E-4F22-AF39-C00905F67379}.Debug|Any CPU.ActiveCfg = Debug|Any CPU
		{9F752814-208E-4F22-AF39-C00905F67379}.Debug|Any CPU.Build.0 = Debug|Any CPU
		{9F752814-208E-4F22-AF39-C00905F67379}.Release|Any CPU.ActiveCfg = Release|Any CPU
		{9F752814-208E-4F22-AF39-C00905F67379}.Release|Any CPU.Build.0 = Release|Any CPU
		{483DE181-9EB9-45A7-8A7E-2292CCB53D18}.Debug|Any CPU.ActiveCfg = Debug|Any CPU
		{483DE181-9EB9-45A7-8A7E-2292CCB53D18}.Debug|Any CPU.Build.0 = Debug|Any CPU
		{483DE181-9EB9-45A7-8A7E-2292CCB53D18}.Release|Any CPU.ActiveCfg = Release|Any CPU
		{483DE181-9EB9-45A7-8A7E-2292CCB53D18}.Release|Any CPU.Build.0 = Release|Any CPU
		{108AC982-A6BB-4544-A323-BE9228B2D071}.Debug|Any CPU.ActiveCfg = Debug|Any CPU
		{108AC982-A6BB-4544-A323-BE9228B2D071}.Debug|Any CPU.Build.0 = Debug|Any CPU
		{108AC982-A6BB-4544-A323-BE9228B2D071}.Release|Any CPU.ActiveCfg = Release|Any CPU
		{108AC982-A6BB-4544-A323-BE9228B2D071}.Release|Any CPU.Build.0 = Release|Any CPU
		{B6EA6375-6189-47AE-8914-71C935AF368E}.Debug|Any CPU.ActiveCfg = Debug|Any CPU
		{B6EA6375-6189-47AE-8914-71C935AF368E}.Debug|Any CPU.Build.0 = Debug|Any CPU
		{B6EA6375-6189-47AE-8914-71C935AF368E}.Release|Any CPU.ActiveCfg = Release|Any CPU
		{B6EA6375-6189-47AE-8914-71C935AF368E}.Release|Any CPU.Build.0 = Release|Any CPU
		{BAD2AD09-0B00-402E-9192-B34FCB8B0317}.Debug|Any CPU.ActiveCfg = Debug|Any CPU
		{BAD2AD09-0B00-402E-9192-B34FCB8B0317}.Debug|Any CPU.Build.0 = Debug|Any CPU
		{BAD2AD09-0B00-402E-9192-B34FCB8B0317}.Release|Any CPU.ActiveCfg = Release|Any CPU
		{BAD2AD09-0B00-402E-9192-B34FCB8B0317}.Release|Any CPU.Build.0 = Release|Any CPU
		{74498D9F-F799-478D-B869-A766C054D065}.Debug|Any CPU.ActiveCfg = Debug|Any CPU
		{74498D9F-F799-478D-B869-A766C054D065}.Debug|Any CPU.Build.0 = Debug|Any CPU
		{74498D9F-F799-478D-B869-A766C054D065}.Release|Any CPU.ActiveCfg = Release|Any CPU
		{74498D9F-F799-478D-B869-A766C054D065}.Release|Any CPU.Build.0 = Release|Any CPU
		{CE298E68-C5ED-4614-8749-BFD816EC1539}.Debug|Any CPU.ActiveCfg = Debug|Any CPU
		{CE298E68-C5ED-4614-8749-BFD816EC1539}.Debug|Any CPU.Build.0 = Debug|Any CPU
		{CE298E68-C5ED-4614-8749-BFD816EC1539}.Release|Any CPU.ActiveCfg = Release|Any CPU
		{CE298E68-C5ED-4614-8749-BFD816EC1539}.Release|Any CPU.Build.0 = Release|Any CPU
		{F6213B84-B988-4F80-A67F-20B08D373596}.Debug|Any CPU.ActiveCfg = Debug|Any CPU
		{F6213B84-B988-4F80-A67F-20B08D373596}.Debug|Any CPU.Build.0 = Debug|Any CPU
		{F6213B84-B988-4F80-A67F-20B08D373596}.Release|Any CPU.ActiveCfg = Release|Any CPU
		{F6213B84-B988-4F80-A67F-20B08D373596}.Release|Any CPU.Build.0 = Release|Any CPU
		{43CCFFE8-A1B4-4F08-9124-0046EC258346}.Debug|Any CPU.ActiveCfg = Debug|Any CPU
		{43CCFFE8-A1B4-4F08-9124-0046EC258346}.Debug|Any CPU.Build.0 = Debug|Any CPU
		{43CCFFE8-A1B4-4F08-9124-0046EC258346}.Release|Any CPU.ActiveCfg = Release|Any CPU
		{43CCFFE8-A1B4-4F08-9124-0046EC258346}.Release|Any CPU.Build.0 = Release|Any CPU
		{3D7870A3-5318-443B-A7C3-DFC6D32C58D5}.Debug|Any CPU.ActiveCfg = Debug|Any CPU
		{3D7870A3-5318-443B-A7C3-DFC6D32C58D5}.Debug|Any CPU.Build.0 = Debug|Any CPU
		{3D7870A3-5318-443B-A7C3-DFC6D32C58D5}.Release|Any CPU.ActiveCfg = Release|Any CPU
		{3D7870A3-5318-443B-A7C3-DFC6D32C58D5}.Release|Any CPU.Build.0 = Release|Any CPU
		{AE70F3CE-5B15-4E26-B129-A63E8CA0D9FA}.Debug|Any CPU.ActiveCfg = Debug|Any CPU
		{AE70F3CE-5B15-4E26-B129-A63E8CA0D9FA}.Debug|Any CPU.Build.0 = Debug|Any CPU
		{AE70F3CE-5B15-4E26-B129-A63E8CA0D9FA}.Release|Any CPU.ActiveCfg = Release|Any CPU
		{AE70F3CE-5B15-4E26-B129-A63E8CA0D9FA}.Release|Any CPU.Build.0 = Release|Any CPU
		{FDE07A14-A25A-4069-8954-D93F7AABE696}.Debug|Any CPU.ActiveCfg = Debug|Any CPU
		{FDE07A14-A25A-4069-8954-D93F7AABE696}.Debug|Any CPU.Build.0 = Debug|Any CPU
		{FDE07A14-A25A-4069-8954-D93F7AABE696}.Release|Any CPU.ActiveCfg = Release|Any CPU
		{FDE07A14-A25A-4069-8954-D93F7AABE696}.Release|Any CPU.Build.0 = Release|Any CPU
		{7C7204D2-0D2B-47A8-A1F1-F69C8CD6FE3F}.Debug|Any CPU.ActiveCfg = Debug|Any CPU
		{7C7204D2-0D2B-47A8-A1F1-F69C8CD6FE3F}.Debug|Any CPU.Build.0 = Debug|Any CPU
		{7C7204D2-0D2B-47A8-A1F1-F69C8CD6FE3F}.Release|Any CPU.ActiveCfg = Release|Any CPU
		{7C7204D2-0D2B-47A8-A1F1-F69C8CD6FE3F}.Release|Any CPU.Build.0 = Release|Any CPU
	EndGlobalSection
	GlobalSection(SolutionProperties) = preSolution
		HideSolutionNode = FALSE
	EndGlobalSection
	GlobalSection(NestedProjects) = preSolution
		{12744E7A-7D33-48C5-AAF8-703315BFE830} = {6E91B590-884B-4F53-9B7A-5BAA41DAA743}
		{0FCBA871-A51E-44D9-9065-3B2784243FAE} = {6E91B590-884B-4F53-9B7A-5BAA41DAA743}
		{06423B81-A8CA-49F2-B965-20FE11727A92} = {12744E7A-7D33-48C5-AAF8-703315BFE830}
		{34A7A222-0F6C-49B7-890F-6190AB2A4C6D} = {0FCBA871-A51E-44D9-9065-3B2784243FAE}
		{51406C52-9F14-4A87-B0D0-2C9BA0BD374D} = {12744E7A-7D33-48C5-AAF8-703315BFE830}
		{07C1041E-D722-47F3-81A2-76DA0ED742A5} = {DE1B2C23-B9CD-4C50-A0EC-2A598ED2E4B3}
		{BFE8EC0C-3CB9-4A62-8BD1-FE13C3C12883} = {07C1041E-D722-47F3-81A2-76DA0ED742A5}
		{00D15FAA-8483-4888-A232-4C5AB67B5645} = {07C1041E-D722-47F3-81A2-76DA0ED742A5}
		{AD01C5E9-83F1-456F-A720-56DCF2F30EE4} = {07C1041E-D722-47F3-81A2-76DA0ED742A5}
		{2DA55747-81CE-4188-9FF1-454DFBDE03FE} = {07C1041E-D722-47F3-81A2-76DA0ED742A5}
		{22E23761-89B5-4D44-BD66-E19D2BF4D028} = {DE1B2C23-B9CD-4C50-A0EC-2A598ED2E4B3}
		{6B607B1B-9394-4EA8-97EC-5189BD56F933} = {22E23761-89B5-4D44-BD66-E19D2BF4D028}
		{16DD7835-F7B2-4BF6-8CAC-AEE3F12D63AA} = {22E23761-89B5-4D44-BD66-E19D2BF4D028}
		{F315975B-49BD-45CD-B113-F95F12D4A8EF} = {9CF6F453-A348-49E9-9D34-4423A884202D}
		{6ADCF875-306D-4222-A5D6-E2385C55D18C} = {9CF6F453-A348-49E9-9D34-4423A884202D}
		{0065068E-BDDF-4EFC-8734-162B1189717E} = {F315975B-49BD-45CD-B113-F95F12D4A8EF}
		{C4A2FE75-DB3B-4D47-AD0E-D537B1021D62} = {F315975B-49BD-45CD-B113-F95F12D4A8EF}
		{10CDCC1D-A0BC-40FD-8611-BCFF06FA5BB7} = {F315975B-49BD-45CD-B113-F95F12D4A8EF}
		{B640AD09-0D7D-419B-9853-391772C79DA0} = {F315975B-49BD-45CD-B113-F95F12D4A8EF}
		{24798DA5-91FA-45B9-850B-5B0FF260F4BD} = {6ADCF875-306D-4222-A5D6-E2385C55D18C}
		{9F752814-208E-4F22-AF39-C00905F67379} = {6ADCF875-306D-4222-A5D6-E2385C55D18C}
		{1D472C65-4B29-492B-9BDD-15118EE959AE} = {75EE0AEA-95D5-495A-9272-9EC55FF06D74}
		{0948A49D-9A22-45BD-91A4-9A01DFAF45C6} = {75EE0AEA-95D5-495A-9272-9EC55FF06D74}
		{483DE181-9EB9-45A7-8A7E-2292CCB53D18} = {0948A49D-9A22-45BD-91A4-9A01DFAF45C6}
		{108AC982-A6BB-4544-A323-BE9228B2D071} = {1D472C65-4B29-492B-9BDD-15118EE959AE}
		{B6EA6375-6189-47AE-8914-71C935AF368E} = {1D472C65-4B29-492B-9BDD-15118EE959AE}
		{BAD2AD09-0B00-402E-9192-B34FCB8B0317} = {1D472C65-4B29-492B-9BDD-15118EE959AE}
		{74498D9F-F799-478D-B869-A766C054D065} = {0948A49D-9A22-45BD-91A4-9A01DFAF45C6}
		{CE298E68-C5ED-4614-8749-BFD816EC1539} = {1D472C65-4B29-492B-9BDD-15118EE959AE}
		{F6213B84-B988-4F80-A67F-20B08D373596} = {E13D927D-D0C5-4555-9A7A-8088B19E649E}
		{43CCFFE8-A1B4-4F08-9124-0046EC258346} = {E13D927D-D0C5-4555-9A7A-8088B19E649E}
		{3D7870A3-5318-443B-A7C3-DFC6D32C58D5} = {E13D927D-D0C5-4555-9A7A-8088B19E649E}
		{AE70F3CE-5B15-4E26-B129-A63E8CA0D9FA} = {E13D927D-D0C5-4555-9A7A-8088B19E649E}
		{E13D927D-D0C5-4555-9A7A-8088B19E649E} = {DE45FE91-BD18-4E13-99CC-CFCC596668D6}
		{16FFE3EF-2F23-470E-933C-14F4AC4741DA} = {DE45FE91-BD18-4E13-99CC-CFCC596668D6}
		{FDE07A14-A25A-4069-8954-D93F7AABE696} = {16FFE3EF-2F23-470E-933C-14F4AC4741DA}
		{7C7204D2-0D2B-47A8-A1F1-F69C8CD6FE3F} = {16FFE3EF-2F23-470E-933C-14F4AC4741DA}
	EndGlobalSection
	GlobalSection(ExtensibilityGlobals) = postSolution
		SolutionGuid = {14583755-4160-47A7-9525-FE0D9F3A1903}
	EndGlobalSection
EndGlobal
