
Microsoft Visual Studio Solution File, Format Version 12.00
# Visual Studio Version 17
VisualStudioVersion = 17.4.33205.214
MinimumVisualStudioVersion = 10.0.40219.1
Project("{2150E333-8FDC-42A3-9474-1A3956D46DE8}") = "Inicial", "Inicial", "{6E91B590-884B-4F53-9B7A-5BAA41DAA743}"
EndProject
Project("{2150E333-8FDC-42A3-9474-1A3956D46DE8}") = "src", "src", "{12744E7A-7D33-48C5-AAF8-703315BFE830}"
EndProject
Project("{2150E333-8FDC-42A3-9474-1A3956D46DE8}") = "test", "test", "{0FCBA871-A51E-44D9-9065-3B2784243FAE}"
EndProject
Project("{FAE04EC0-301F-11D3-BF4B-00C04F79EFBC}") = "Inicial", "Inicial\src\Inicial\Inicial.csproj", "{06423B81-A8CA-49F2-B965-20FE11727A92}"
EndProject
Project("{FAE04EC0-301F-11D3-BF4B-00C04F79EFBC}") = "TestInicial", "Inicial\test\TestInicial\TestInicial.csproj", "{34A7A222-0F6C-49B7-890F-6190AB2A4C6D}"
EndProject
Global
	GlobalSection(SolutionConfigurationPlatforms) = preSolution
		Debug|Any CPU = Debug|Any CPU
		Release|Any CPU = Release|Any CPU
	EndGlobalSection
	GlobalSection(ProjectConfigurationPlatforms) = postSolution
		{06423B81-A8CA-49F2-B965-20FE11727A92}.Debug|Any CPU.ActiveCfg = Debug|Any CPU
		{06423B81-A8CA-49F2-B965-20FE11727A92}.Debug|Any CPU.Build.0 = Debug|Any CPU
		{06423B81-A8CA-49F2-B965-20FE11727A92}.Release|Any CPU.ActiveCfg = Release|Any CPU
		{06423B81-A8CA-49F2-B965-20FE11727A92}.Release|Any CPU.Build.0 = Release|Any CPU
		{34A7A222-0F6C-49B7-890F-6190AB2A4C6D}.Debug|Any CPU.ActiveCfg = Debug|Any CPU
		{34A7A222-0F6C-49B7-890F-6190AB2A4C6D}.Debug|Any CPU.Build.0 = Debug|Any CPU
		{34A7A222-0F6C-49B7-890F-6190AB2A4C6D}.Release|Any CPU.ActiveCfg = Release|Any CPU
		{34A7A222-0F6C-49B7-890F-6190AB2A4C6D}.Release|Any CPU.Build.0 = Release|Any CPU
	EndGlobalSection
	GlobalSection(SolutionProperties) = preSolution
		HideSolutionNode = FALSE
	EndGlobalSection
	GlobalSection(NestedProjects) = preSolution
		{12744E7A-7D33-48C5-AAF8-703315BFE830} = {6E91B590-884B-4F53-9B7A-5BAA41DAA743}
		{0FCBA871-A51E-44D9-9065-3B2784243FAE} = {6E91B590-884B-4F53-9B7A-5BAA41DAA743}
		{06423B81-A8CA-49F2-B965-20FE11727A92} = {12744E7A-7D33-48C5-AAF8-703315BFE830}
		{34A7A222-0F6C-49B7-890F-6190AB2A4C6D} = {0FCBA871-A51E-44D9-9065-3B2784243FAE}
	EndGlobalSection
	GlobalSection(ExtensibilityGlobals) = postSolution
		SolutionGuid = {14583755-4160-47A7-9525-FE0D9F3A1903}
	EndGlobalSection
EndGlobal
