
Microsoft Visual Studio Solution File, Format Version 12.00
# Visual Studio Version 17
VisualStudioVersion = 17.4.33205.214
MinimumVisualStudioVersion = 10.0.40219.1
Project("{2150E333-8FDC-42A3-9474-1A3956D46DE8}") = "Inicial", "Inicial", "{6E91B590-884B-4F53-9B7A-5BAA41DAA743}"
EndProject
Project("{2150E333-8FDC-42A3-9474-1A3956D46DE8}") = "src", "src", "{12744E7A-7D33-48C5-AAF8-703315BFE830}"
EndProject
Project("{2150E333-8FDC-42A3-9474-1A3956D46DE8}") = "test", "test", "{0FCBA871-A51E-44D9-9065-3B2784243FAE}"
EndProject
Project("{9A19103F-16F7-4668-BE54-9A1E7A4F7556}") = "Inicial", "Inicial\src\Inicial\Inicial.csproj", "{06423B81-A8CA-49F2-B965-20FE11727A92}"
EndProject
Project("{9A19103F-16F7-4668-BE54-9A1E7A4F7556}") = "TestInicial", "Inicial\test\TestInicial\TestInicial.csproj", "{34A7A222-0F6C-49B7-890F-6190AB2A4C6D}"
EndProject
Project("{9A19103F-16F7-4668-BE54-9A1E7A4F7556}") = "API.Inicial", "Inicial\src\API.Inicial\API.Inicial.csproj", "{51406C52-9F14-4A87-B0D0-2C9BA0BD374D}"
EndProject
Project("{2150E333-8FDC-42A3-9474-1A3956D46DE8}") = "ProjetoInicial", "ProjetoInicial", "{DE1B2C23-B9CD-4C50-A0EC-2A598ED2E4B3}"
EndProject
Project("{2150E333-8FDC-42A3-9474-1A3956D46DE8}") = "src", "src", "{07C1041E-D722-47F3-81A2-76DA0ED742A5}"
EndProject
Project("{2150E333-8FDC-42A3-9474-1A3956D46DE8}") = "test", "test", "{171F8DA6-3EEF-4B5F-86DB-A6396F7E8FDF}"
EndProject
Project("{FAE04EC0-301F-11D3-BF4B-00C04F79EFBC}") = "Application", "Projeto\src\Application\Application.csproj", "{BFE8EC0C-3CB9-4A62-8BD1-FE13C3C12883}"
EndProject
Project("{FAE04EC0-301F-11D3-BF4B-00C04F79EFBC}") = "Domain", "Projeto\src\Domain\Domain.csproj", "{00D15FAA-8483-4888-A232-4C5AB67B5645}"
EndProject
Project("{FAE04EC0-301F-11D3-BF4B-00C04F79EFBC}") = "Infra", "Projeto\src\Infra\Infra.csproj", "{AD01C5E9-83F1-456F-A720-56DCF2F30EE4}"
EndProject
Project("{FAE04EC0-301F-11D3-BF4B-00C04F79EFBC}") = "Integration", "Projeto\test\Integration\Integration.csproj", "{78A3234C-27F6-47B8-BEBA-CBB9A90AA85A}"
EndProject
Project("{FAE04EC0-301F-11D3-BF4B-00C04F79EFBC}") = "Unit", "Projeto\test\Unit\Unit.csproj", "{7F1C0E72-1ADC-4BCD-AB7F-40343D4DE123}"
EndProject
Project("{FAE04EC0-301F-11D3-BF4B-00C04F79EFBC}") = "WebAPI", "Projeto\src\WebAPI\WebAPI.csproj", "{2DA55747-81CE-4188-9FF1-454DFBDE03FE}"
EndProject
Global
	GlobalSection(SolutionConfigurationPlatforms) = preSolution
		Debug|Any CPU = Debug|Any CPU
		Release|Any CPU = Release|Any CPU
	EndGlobalSection
	GlobalSection(ProjectConfigurationPlatforms) = postSolution
		{06423B81-A8CA-49F2-B965-20FE11727A92}.Debug|Any CPU.ActiveCfg = Debug|Any CPU
		{06423B81-A8CA-49F2-B965-20FE11727A92}.Debug|Any CPU.Build.0 = Debug|Any CPU
		{06423B81-A8CA-49F2-B965-20FE11727A92}.Release|Any CPU.ActiveCfg = Release|Any CPU
		{06423B81-A8CA-49F2-B965-20FE11727A92}.Release|Any CPU.Build.0 = Release|Any CPU
		{34A7A222-0F6C-49B7-890F-6190AB2A4C6D}.Debug|Any CPU.ActiveCfg = Debug|Any CPU
		{34A7A222-0F6C-49B7-890F-6190AB2A4C6D}.Debug|Any CPU.Build.0 = Debug|Any CPU
		{34A7A222-0F6C-49B7-890F-6190AB2A4C6D}.Release|Any CPU.ActiveCfg = Release|Any CPU
		{34A7A222-0F6C-49B7-890F-6190AB2A4C6D}.Release|Any CPU.Build.0 = Release|Any CPU
		{51406C52-9F14-4A87-B0D0-2C9BA0BD374D}.Debug|Any CPU.ActiveCfg = Debug|Any CPU
		{51406C52-9F14-4A87-B0D0-2C9BA0BD374D}.Debug|Any CPU.Build.0 = Debug|Any CPU
		{51406C52-9F14-4A87-B0D0-2C9BA0BD374D}.Release|Any CPU.ActiveCfg = Release|Any CPU
		{51406C52-9F14-4A87-B0D0-2C9BA0BD374D}.Release|Any CPU.Build.0 = Release|Any CPU
		{BFE8EC0C-3CB9-4A62-8BD1-FE13C3C12883}.Debug|Any CPU.ActiveCfg = Debug|Any CPU
		{BFE8EC0C-3CB9-4A62-8BD1-FE13C3C12883}.Debug|Any CPU.Build.0 = Debug|Any CPU
		{BFE8EC0C-3CB9-4A62-8BD1-FE13C3C12883}.Release|Any CPU.ActiveCfg = Release|Any CPU
		{BFE8EC0C-3CB9-4A62-8BD1-FE13C3C12883}.Release|Any CPU.Build.0 = Release|Any CPU
		{00D15FAA-8483-4888-A232-4C5AB67B5645}.Debug|Any CPU.ActiveCfg = Debug|Any CPU
		{00D15FAA-8483-4888-A232-4C5AB67B5645}.Debug|Any CPU.Build.0 = Debug|Any CPU
		{00D15FAA-8483-4888-A232-4C5AB67B5645}.Release|Any CPU.ActiveCfg = Release|Any CPU
		{00D15FAA-8483-4888-A232-4C5AB67B5645}.Release|Any CPU.Build.0 = Release|Any CPU
		{AD01C5E9-83F1-456F-A720-56DCF2F30EE4}.Debug|Any CPU.ActiveCfg = Debug|Any CPU
		{AD01C5E9-83F1-456F-A720-56DCF2F30EE4}.Debug|Any CPU.Build.0 = Debug|Any CPU
		{AD01C5E9-83F1-456F-A720-56DCF2F30EE4}.Release|Any CPU.ActiveCfg = Release|Any CPU
		{AD01C5E9-83F1-456F-A720-56DCF2F30EE4}.Release|Any CPU.Build.0 = Release|Any CPU
		{78A3234C-27F6-47B8-BEBA-CBB9A90AA85A}.Debug|Any CPU.ActiveCfg = Debug|Any CPU
		{78A3234C-27F6-47B8-BEBA-CBB9A90AA85A}.Debug|Any CPU.Build.0 = Debug|Any CPU
		{78A3234C-27F6-47B8-BEBA-CBB9A90AA85A}.Release|Any CPU.ActiveCfg = Release|Any CPU
		{78A3234C-27F6-47B8-BEBA-CBB9A90AA85A}.Release|Any CPU.Build.0 = Release|Any CPU
		{7F1C0E72-1ADC-4BCD-AB7F-40343D4DE123}.Debug|Any CPU.ActiveCfg = Debug|Any CPU
		{7F1C0E72-1ADC-4BCD-AB7F-40343D4DE123}.Debug|Any CPU.Build.0 = Debug|Any CPU
		{7F1C0E72-1ADC-4BCD-AB7F-40343D4DE123}.Release|Any CPU.ActiveCfg = Release|Any CPU
		{7F1C0E72-1ADC-4BCD-AB7F-40343D4DE123}.Release|Any CPU.Build.0 = Release|Any CPU
		{2DA55747-81CE-4188-9FF1-454DFBDE03FE}.Debug|Any CPU.ActiveCfg = Debug|Any CPU
		{2DA55747-81CE-4188-9FF1-454DFBDE03FE}.Debug|Any CPU.Build.0 = Debug|Any CPU
		{2DA55747-81CE-4188-9FF1-454DFBDE03FE}.Release|Any CPU.ActiveCfg = Release|Any CPU
		{2DA55747-81CE-4188-9FF1-454DFBDE03FE}.Release|Any CPU.Build.0 = Release|Any CPU
	EndGlobalSection
	GlobalSection(SolutionProperties) = preSolution
		HideSolutionNode = FALSE
	EndGlobalSection
	GlobalSection(NestedProjects) = preSolution
		{12744E7A-7D33-48C5-AAF8-703315BFE830} = {6E91B590-884B-4F53-9B7A-5BAA41DAA743}
		{0FCBA871-A51E-44D9-9065-3B2784243FAE} = {6E91B590-884B-4F53-9B7A-5BAA41DAA743}
		{06423B81-A8CA-49F2-B965-20FE11727A92} = {12744E7A-7D33-48C5-AAF8-703315BFE830}
		{34A7A222-0F6C-49B7-890F-6190AB2A4C6D} = {0FCBA871-A51E-44D9-9065-3B2784243FAE}
		{51406C52-9F14-4A87-B0D0-2C9BA0BD374D} = {12744E7A-7D33-48C5-AAF8-703315BFE830}
		{07C1041E-D722-47F3-81A2-76DA0ED742A5} = {DE1B2C23-B9CD-4C50-A0EC-2A598ED2E4B3}
		{171F8DA6-3EEF-4B5F-86DB-A6396F7E8FDF} = {DE1B2C23-B9CD-4C50-A0EC-2A598ED2E4B3}
		{BFE8EC0C-3CB9-4A62-8BD1-FE13C3C12883} = {07C1041E-D722-47F3-81A2-76DA0ED742A5}
		{00D15FAA-8483-4888-A232-4C5AB67B5645} = {07C1041E-D722-47F3-81A2-76DA0ED742A5}
		{AD01C5E9-83F1-456F-A720-56DCF2F30EE4} = {07C1041E-D722-47F3-81A2-76DA0ED742A5}
		{78A3234C-27F6-47B8-BEBA-CBB9A90AA85A} = {171F8DA6-3EEF-4B5F-86DB-A6396F7E8FDF}
		{7F1C0E72-1ADC-4BCD-AB7F-40343D4DE123} = {171F8DA6-3EEF-4B5F-86DB-A6396F7E8FDF}
		{2DA55747-81CE-4188-9FF1-454DFBDE03FE} = {07C1041E-D722-47F3-81A2-76DA0ED742A5}
	EndGlobalSection
	GlobalSection(ExtensibilityGlobals) = postSolution
		SolutionGuid = {14583755-4160-47A7-9525-FE0D9F3A1903}
	EndGlobalSection
EndGlobal
